<?xml version="1.0" encoding="utf-8"?>
<Project ToolsVersion="4.0" xmlns="http://schemas.microsoft.com/developer/msbuild/2003">
  <ItemGroup>
    <Filter Include="Source Files">
      <UniqueIdentifier>{4FC737F1-C7A5-4376-A066-2A32D752A2FF}</UniqueIdentifier>
      <Extensions>cpp;c;cc;cxx;c++;cppm;ixx;def;odl;idl;hpj;bat;asm;asmx</Extensions>
    </Filter>
    <Filter Include="Header Files">
      <UniqueIdentifier>{93995380-89BD-4b04-88EB-625FBE52EBFB}</UniqueIdentifier>
      <Extensions>h;hh;hpp;hxx;h++;hm;inl;inc;ipp;xsd</Extensions>
    </Filter>
    <Filter Include="Resource Files">
      <UniqueIdentifier>{67DA6AB6-F800-4c08-8B7A-83BB121AAD01}</UniqueIdentifier>
      <Extensions>rc;ico;cur;bmp;dlg;rc2;rct;bin;rgs;gif;jpg;jpeg;jpe;resx;tiff;tif;png;wav;mfcribbon-ms</Extensions>
    </Filter>
    <Filter Include="Source Files\Rendering">
      <UniqueIdentifier>{50eadda3-daba-4a3a-aafa-a6330129fa3d}</UniqueIdentifier>
    </Filter>
    <Filter Include="Source Files\Rendering\Shaders">
      <UniqueIdentifier>{7400fcdb-d73e-42bb-a100-777081359447}</UniqueIdentifier>
    </Filter>
    <Filter Include="Source Files\Gameplay">
      <UniqueIdentifier>{fe7fbac7-b17a-445c-8514-5500837b0ef5}</UniqueIdentifier>
    </Filter>
    <Filter Include="Source Files\Gameplay\Entities">
      <UniqueIdentifier>{951268cb-0fa0-4be8-9f7f-51bb0ce75ee1}</UniqueIdentifier>
    </Filter>
    <Filter Include="Source Files\Gameplay\Entities\StateMachine">
      <UniqueIdentifier>{ad687484-b434-4d9f-b950-72126df75315}</UniqueIdentifier>
    </Filter>
    <Filter Include="Source Files\Gameplay\Player">
      <UniqueIdentifier>{ddf72553-5a63-40aa-8cc0-9ee21abaf09a}</UniqueIdentifier>
    </Filter>
  </ItemGroup>
  <ItemGroup>
    <ClInclude Include="Main.h">
      <Filter>Header Files</Filter>
    </ClInclude>
    <ClInclude Include="GameManager.h">
      <Filter>Header Files</Filter>
    </ClInclude>
    <ClInclude Include="Player.h">
      <Filter>Header Files</Filter>
    </ClInclude>
    <ClInclude Include="RayRenderer.h">
      <Filter>Header Files</Filter>
    </ClInclude>
    <ClInclude Include="Map.h">
      <Filter>Header Files</Filter>
    </ClInclude>
    <ClInclude Include="NicRay.h">
      <Filter>Header Files</Filter>
    </ClInclude>
    <ClInclude Include="textureshader.h">
      <Filter>Header Files</Filter>
    </ClInclude>
    <ClInclude Include="D2entity.h">
      <Filter>Header Files</Filter>
    </ClInclude>
    <ClInclude Include="stb_image.h">
      <Filter>Source Files\Rendering</Filter>
    </ClInclude>
    <ClInclude Include="LinkedList.h">
      <Filter>Header Files</Filter>
    </ClInclude>
    <ClInclude Include="LinkedNode.h">
      <Filter>Header Files</Filter>
    </ClInclude>
    <ClInclude Include="PlayerWeapon.h">
      <Filter>Header Files</Filter>
    </ClInclude>
    <ClInclude Include="statemachine\farDistShootState.h">
      <Filter>Source Files\Gameplay\Entities\StateMachine</Filter>
    </ClInclude>
    <ClInclude Include="statemachine\meleeState.h">
      <Filter>Source Files\Gameplay\Entities\StateMachine</Filter>
    </ClInclude>
    <ClInclude Include="statemachine\patrollState.h">
      <Filter>Source Files\Gameplay\Entities\StateMachine</Filter>
    </ClInclude>
    <ClInclude Include="statemachine\prefDistShootState.h">
      <Filter>Source Files\Gameplay\Entities\StateMachine</Filter>
    </ClInclude>
    <ClInclude Include="statemachine\soldier.h">
      <Filter>Source Files\Gameplay\Entities\StateMachine</Filter>
    </ClInclude>
    <ClInclude Include="statemachine\state.h">
      <Filter>Source Files\Gameplay\Entities\StateMachine</Filter>
    </ClInclude>
    <ClInclude Include="statemachine\stateExit.h">
      <Filter>Source Files\Gameplay\Entities\StateMachine</Filter>
    </ClInclude>
    <ClInclude Include="statemachine\stateMachine.h">
      <Filter>Source Files\Gameplay\Entities\StateMachine</Filter>
    </ClInclude>
    <ClInclude Include="statemachine\statevals.h">
      <Filter>Source Files\Gameplay\Entities\StateMachine</Filter>
    </ClInclude>
    <ClInclude Include="statemachine\valCollection.h">
      <Filter>Source Files\Gameplay\Entities\StateMachine</Filter>
    </ClInclude>
    <ClInclude Include="vector2.h">
      <Filter>Header Files</Filter>
    </ClInclude>
    <ClInclude Include="statemachine\retreatState.h">
      <Filter>Source Files\Gameplay\Entities\StateMachine</Filter>
    </ClInclude>
    <ClInclude Include="statemachine\healingState.h">
      <Filter>Source Files\Gameplay\Entities\StateMachine</Filter>
    </ClInclude>
    <ClInclude Include="statemachine\reloadState.h">
      <Filter>Source Files\Gameplay\Entities\StateMachine</Filter>
    </ClInclude>
    <ClInclude Include="EntityWeapon.h">
      <Filter>Header Files</Filter>
    </ClInclude>
    <ClInclude Include="LevelProgresser.h">
      <Filter>Header Files</Filter>
    </ClInclude>
    <ClInclude Include="doorManager.h">
      <Filter>Header Files</Filter>
    </ClInclude>
  </ItemGroup>
  <ItemGroup>
    <ClCompile Include="D2entity.cpp">
      <Filter>Source Files\Gameplay\Entities</Filter>
    </ClCompile>
    <ClCompile Include="glad.c">
      <Filter>Source Files\Rendering</Filter>
    </ClCompile>
    <ClCompile Include="RayRenderer.cpp">
      <Filter>Source Files\Rendering</Filter>
    </ClCompile>
    <ClCompile Include="utils.cpp">
      <Filter>Source Files\Rendering</Filter>
    </ClCompile>
    <ClCompile Include="Map.cpp">
      <Filter>Source Files\Gameplay</Filter>
    </ClCompile>
    <ClCompile Include="NicRay.cpp">
      <Filter>Source Files\Gameplay</Filter>
    </ClCompile>
    <ClCompile Include="GameManager.cpp">
      <Filter>Source Files\Gameplay</Filter>
    </ClCompile>
    <ClCompile Include="statemachine\farDistShootState.cpp">
      <Filter>Source Files\Gameplay\Entities\StateMachine</Filter>
    </ClCompile>
    <ClCompile Include="statemachine\meleeState.cpp">
      <Filter>Source Files\Gameplay\Entities\StateMachine</Filter>
    </ClCompile>
    <ClCompile Include="statemachine\patrollState.cpp">
      <Filter>Source Files\Gameplay\Entities\StateMachine</Filter>
    </ClCompile>
    <ClCompile Include="statemachine\prefDistShootState.cpp">
      <Filter>Source Files\Gameplay\Entities\StateMachine</Filter>
    </ClCompile>
    <ClCompile Include="statemachine\soldier.cpp">
      <Filter>Source Files\Gameplay\Entities\StateMachine</Filter>
    </ClCompile>
    <ClCompile Include="statemachine\state.cpp">
      <Filter>Source Files\Gameplay\Entities\StateMachine</Filter>
    </ClCompile>
    <ClCompile Include="statemachine\stateExit.cpp">
      <Filter>Source Files\Gameplay\Entities\StateMachine</Filter>
    </ClCompile>
    <ClCompile Include="statemachine\statevals.cpp">
      <Filter>Source Files\Gameplay\Entities\StateMachine</Filter>
    </ClCompile>
    <ClCompile Include="statemachine\valCollection.cpp">
      <Filter>Source Files\Gameplay\Entities\StateMachine</Filter>
    </ClCompile>
    <ClCompile Include="vector2.cpp">
      <Filter>Source Files</Filter>
    </ClCompile>
    <ClCompile Include="statemachine\healingState.cpp">
      <Filter>Source Files\Gameplay\Entities\StateMachine</Filter>
    </ClCompile>
    <ClCompile Include="statemachine\reloadState.cpp">
      <Filter>Source Files\Gameplay\Entities\StateMachine</Filter>
    </ClCompile>
    <ClCompile Include="statemachine\retreatState.cpp">
      <Filter>Source Files\Gameplay\Entities\StateMachine</Filter>
    </ClCompile>
    <ClCompile Include="Main.cpp">
      <Filter>Source Files</Filter>
    </ClCompile>
    <ClCompile Include="Player.cpp">
      <Filter>Source Files\Gameplay\Player</Filter>
    </ClCompile>
    <ClCompile Include="PlayerWeapon.cpp">
      <Filter>Source Files\Gameplay\Player</Filter>
    </ClCompile>
    <ClCompile Include="EntityWeapon.cpp">
      <Filter>Source Files\Gameplay\Entities</Filter>
    </ClCompile>
    <ClCompile Include="LevelProgresser.cpp">
      <Filter>Source Files\Gameplay</Filter>
    </ClCompile>
    <ClCompile Include="doorManager.cpp">
      <Filter>Source Files</Filter>
    </ClCompile>
  </ItemGroup>
  <ItemGroup>
    <None Include="charactershader.shader">
      <Filter>Source Files\Rendering\Shaders</Filter>
    </None>
    <None Include="charactervertex.shader">
      <Filter>Source Files\Rendering\Shaders</Filter>
    </None>
    <None Include="fs.shader">
      <Filter>Source Files\Rendering\Shaders</Filter>
    </None>
    <None Include="vs.shader">
      <Filter>Source Files\Rendering\Shaders</Filter>
    </None>
    <None Include="reticleshader.shader">
      <Filter>Source Files\Rendering\Shaders</Filter>
    </None>
    <None Include="reticlevertex.shader">
      <Filter>Source Files\Rendering\Shaders</Filter>
    </None>
    <None Include="healthbar.shader">
      <Filter>Source Files\Rendering\Shaders</Filter>
    </None>
    <None Include="weapon.shader">
      <Filter>Source Files\Rendering\Shaders</Filter>
    </None>
  </ItemGroup>
</Project>